# This file was autogenerated by Stack.
# You should not edit this file by hand.
# For more information, please see the documentation at:
#   https://docs.haskellstack.org/en/stable/lock_files

packages:
- completed:
    subdir: gi-gtk-declarative
    name: gi-gtk-declarative
    version: 0.6.3
    git: git@github.com:guygastineau/gi-gtk-declarative.git
    pantry-tree:
      size: 2574
      sha256: 5aaeedd1a938122717dfc8708bed154c505834e5aba434c4a196f40759904c3f
    commit: 04931ee8a4c3eaee994469d2379b50ede9cfbd56
  original:
    subdir: gi-gtk-declarative
    git: git@github.com:guygastineau/gi-gtk-declarative.git
    commit: 04931ee8a4c3eaee994469d2379b50ede9cfbd56
- completed:
    subdir: gi-gtk-declarative-app-simple
    name: gi-gtk-declarative-app-simple
    version: 0.6.3
    git: git@github.com:guygastineau/gi-gtk-declarative.git
    pantry-tree:
      size: 361
      sha256: 04309ded615c54bc9bf77276aaf9fc87ecc13ae8c1560613b5662d10911013ef
    commit: 04931ee8a4c3eaee994469d2379b50ede9cfbd56
  original:
    subdir: gi-gtk-declarative-app-simple
    git: git@github.com:guygastineau/gi-gtk-declarative.git
    commit: 04931ee8a4c3eaee994469d2379b50ede9cfbd56
snapshots:
- completed:
    size: 562051
    url: https://raw.githubusercontent.com/commercialhaskell/stackage-snapshots/master/nightly/2021/1/5.yaml
    sha256: be105362ec57d665ea17fa574ab195c49bb1f9a5bd9016174ef83cd368fba253
  original: nightly-2021-01-05
