# This file was autogenerated by Stack.
# You should not edit this file by hand.
# For more information, please see the documentation at:
#   https://docs.haskellstack.org/en/stable/lock_files

packages:
- completed:
    subdir: gi-gtk-declarative
    name: gi-gtk-declarative
    version: 0.6.3
    git: git@github.com:guygastineau/gi-gtk-declarative.git
    pantry-tree:
      size: 2574
      sha256: 5aaeedd1a938122717dfc8708bed154c505834e5aba434c4a196f40759904c3f
    commit: 04931ee8a4c3eaee994469d2379b50ede9cfbd56
  original:
    subdir: gi-gtk-declarative
    git: git@github.com:guygastineau/gi-gtk-declarative.git
    commit: 04931ee8a4c3eaee994469d2379b50ede9cfbd56
- completed:
    subdir: gi-gtk-declarative-app-simple
    name: gi-gtk-declarative-app-simple
    version: 0.6.3
    git: git@github.com:guygastineau/gi-gtk-declarative.git
    pantry-tree:
      size: 361
      sha256: 04309ded615c54bc9bf77276aaf9fc87ecc13ae8c1560613b5662d10911013ef
    commit: 04931ee8a4c3eaee994469d2379b50ede9cfbd56
  original:
    subdir: gi-gtk-declarative-app-simple
    git: git@github.com:guygastineau/gi-gtk-declarative.git
    commit: 04931ee8a4c3eaee994469d2379b50ede9cfbd56
- completed:
    hackage: streamly-0.7.2@sha256:2dbcbd2d807b5465a281bde1a71a21f1e1e1b00be93b23083a868a07dc76de95,28286
    pantry-tree:
      size: 12739
      sha256: fe4ea63b78d983f54a4a159727aa1f441b23aa1d919405de370474bdd0e6791f
  original:
    hackage: streamly-0.7.2@sha256:2dbcbd2d807b5465a281bde1a71a21f1e1e1b00be93b23083a868a07dc76de95,28286
- completed:
    hackage: primitive-0.7.0.1@sha256:a381571c36edc7dca28b77fe8159b43c14c640087ec5946adacf949feec64231,3433
    pantry-tree:
      size: 3221
      sha256: fea4312bd404ad504e44a7fd933a3b3442c0a5e1c41bd8abec3c2e7282d88e18
  original:
    hackage: primitive-0.7.0.1@sha256:a381571c36edc7dca28b77fe8159b43c14c640087ec5946adacf949feec64231,3433
- completed:
    subdir: evdev
    name: evdev
    version: 2.0.0.1
    git: git@github.com:guygastineau/evdev.git
    pantry-tree:
      size: 438
      sha256: d1c15640dd1b070142808ae9193f90f78d913b01dbc1b98893009360c6dfdb4a
    commit: 315dcce7bfe917bdafb753701e88be4eab6e1ebe
  original:
    subdir: evdev
    git: git@github.com:guygastineau/evdev.git
    commit: 315dcce7bfe917bdafb753701e88be4eab6e1ebe
snapshots:
- completed:
    size: 562051
    url: https://raw.githubusercontent.com/commercialhaskell/stackage-snapshots/master/nightly/2021/1/5.yaml
    sha256: be105362ec57d665ea17fa574ab195c49bb1f9a5bd9016174ef83cd368fba253
  original: nightly-2021-01-05
